
Microsoft Visual Studio Solution File, Format Version 12.00
# Visual Studio Version 16
VisualStudioVersion = 16.0.29728.190
MinimumVisualStudioVersion = 10.0.40219.1
Project("{888888A0-9F3D-457C-B088-3A5042F75D52}") = "sbencrypt", "sbencrypt\sbencrypt.pyproj", "{C2773CF1-71E4-4880-BBB8-F9ABA2083567}"
EndProject
Global
	GlobalSection(SolutionConfigurationPlatforms) = preSolution
		Debug|Any CPU = Debug|Any CPU
		Release|Any CPU = Release|Any CPU
	EndGlobalSection
	GlobalSection(ProjectConfigurationPlatforms) = postSolution
		{C2773CF1-71E4-4880-BBB8-F9ABA2083567}.Debug|Any CPU.ActiveCfg = Debug|Any CPU
		{C2773CF1-71E4-4880-BBB8-F9ABA2083567}.Release|Any CPU.ActiveCfg = Release|Any CPU
	EndGlobalSection
	GlobalSection(SolutionProperties) = preSolution
		HideSolutionNode = FALSE
	EndGlobalSection
	GlobalSection(ExtensibilityGlobals) = postSolution
		SolutionGuid = {FDA74771-69FD-4CBF-AB36-838153A89F7E}
	EndGlobalSection
EndGlobal
